
Microsoft Visual Studio Solution File, Format Version 12.00
# Visual Studio Version 17
VisualStudioVersion = 17.7.34024.191
MinimumVisualStudioVersion = 10.0.40219.1
Project("{FAE04EC0-301F-11D3-BF4B-00C04F79EFBC}") = "assignment4", "assignment4.csproj", "{BDC64DEE-4C27-41CE-AAFB-98F7467A7380}"
EndProject
Global
	GlobalSection(SolutionConfigurationPlatforms) = preSolution
		Debug|Any CPU = Debug|Any CPU
		Release|Any CPU = Release|Any CPU
	EndGlobalSection
	GlobalSection(ProjectConfigurationPlatforms) = postSolution
		{BDC64DEE-4C27-41CE-AAFB-98F7467A7380}.Debug|Any CPU.ActiveCfg = Debug|Any CPU
		{BDC64DEE-4C27-41CE-AAFB-98F7467A7380}.Debug|Any CPU.Build.0 = Debug|Any CPU
		{BDC64DEE-4C27-41CE-AAFB-98F7467A7380}.Release|Any CPU.ActiveCfg = Release|Any CPU
		{BDC64DEE-4C27-41CE-AAFB-98F7467A7380}.Release|Any CPU.Build.0 = Release|Any CPU
	EndGlobalSection
	GlobalSection(SolutionProperties) = preSolution
		HideSolutionNode = FALSE
	EndGlobalSection
	GlobalSection(ExtensibilityGlobals) = postSolution
		SolutionGuid = {1F739C6A-A143-4327-8F00-61DB6D95CBAE}
	EndGlobalSection
EndGlobal
